
Microsoft Visual Studio Solution File, Format Version 12.00
# Visual Studio Version 16
VisualStudioVersion = 16.0.31112.23
MinimumVisualStudioVersion = 10.0.40219.1
Project("{FAE04EC0-301F-11D3-BF4B-00C04F79EFBC}") = "KutuphaneOtomasyonuMvc", "KutuphaneOtomasyonuMvc\KutuphaneOtomasyonuMvc.csproj", "{2A3E4885-7E39-417B-8D70-9EFBA0ACC78A}"
EndProject
Global
	GlobalSection(SolutionConfigurationPlatforms) = preSolution
		Debug|Any CPU = Debug|Any CPU
		Release|Any CPU = Release|Any CPU
	EndGlobalSection
	GlobalSection(ProjectConfigurationPlatforms) = postSolution
		{2A3E4885-7E39-417B-8D70-9EFBA0ACC78A}.Debug|Any CPU.ActiveCfg = Debug|Any CPU
		{2A3E4885-7E39-417B-8D70-9EFBA0ACC78A}.Debug|Any CPU.Build.0 = Debug|Any CPU
		{2A3E4885-7E39-417B-8D70-9EFBA0ACC78A}.Release|Any CPU.ActiveCfg = Release|Any CPU
		{2A3E4885-7E39-417B-8D70-9EFBA0ACC78A}.Release|Any CPU.Build.0 = Release|Any CPU
	EndGlobalSection
	GlobalSection(SolutionProperties) = preSolution
		HideSolutionNode = FALSE
	EndGlobalSection
	GlobalSection(ExtensibilityGlobals) = postSolution
		SolutionGuid = {7AB62F16-1A83-4167-97D2-6B9B5FF0E450}
	EndGlobalSection
EndGlobal
